
Microsoft Visual Studio Solution File, Format Version 12.00
# Visual Studio Version 18
VisualStudioVersion = 18.0.11201.2
MinimumVisualStudioVersion = 17.8.0.0
Project("{9A19103F-16F7-4668-BE54-9A1E7A4F7556}") = "Aspire.Integrations.AppHost", "Aspire.Integrations.AppHost\Aspire.Integrations.AppHost.csproj", "{137C126C-44D0-4C98-B8AA-5A6934DB448C}"
EndProject
Project("{9A19103F-16F7-4668-BE54-9A1E7A4F7556}") = "Aspire.Integrations.ServiceDefaults", "Aspire.Integrations.ServiceDefaults\Aspire.Integrations.ServiceDefaults.csproj", "{C6082BB5-0642-4E33-A32B-3F23CC28D1B1}"
EndProject
Project("{9A19103F-16F7-4668-BE54-9A1E7A4F7556}") = "Aspire.Integrations.ApiService", "Aspire.Integrations.ApiService\Aspire.Integrations.ApiService.csproj", "{54050FCE-ADA0-4155-A756-C16C6CA3F927}"
EndProject
Project("{9A19103F-16F7-4668-BE54-9A1E7A4F7556}") = "Aspire.Integrations.Tests", "Aspire.Integrations.Tests\Aspire.Integrations.Tests.csproj", "{B9E6686D-D34C-425D-A101-6DADF34AB649}"
EndProject
Project("{9A19103F-16F7-4668-BE54-9A1E7A4F7556}") = "Aspire.Integrations.Web", "Aspire.Integrations.Web\Aspire.Integrations.Web.csproj", "{AE797949-B0D8-4094-82F4-070339CDEC1F}"
EndProject
Project("{FAE04EC0-301F-11D3-BF4B-00C04F79EFBC}") = "Aspire.MailDev.Hosting", "Aspire.MailDev.Hosting\Aspire.MailDev.Hosting.csproj", "{5CFF0955-3635-4CF1-B196-F7EA12DDF890}"
EndProject
Project("{2150E333-8FDC-42A3-9474-1A3956D46DE8}") = "Solution Items", "Solution Items", "{1BC8C94D-AFE8-4BEC-A16B-7D04382C6DF5}"
	ProjectSection(SolutionItems) = preProject
		.editorconfig = .editorconfig
	EndProjectSection
EndProject
Project("{FAE04EC0-301F-11D3-BF4B-00C04F79EFBC}") = "Aspire.MailKit.Client", "Aspire.MailKit.Client\Aspire.MailKit.Client.csproj", "{4E69C155-5455-45F9-9B30-459C1E93AC64}"
EndProject
Project("{FAE04EC0-301F-11D3-BF4B-00C04F79EFBC}") = "Aspire.Flowise.Hosting", "Aspire.Flowise.Hosting\Aspire.Flowise.Hosting.csproj", "{F6D0FB46-F000-45EB-8469-9EFC3CFD3F71}"
EndProject
Project("{FAE04EC0-301F-11D3-BF4B-00C04F79EFBC}") = "Flowise.Client", "Flowise.Client\Flowise.Client.csproj", "{4960AF88-9E95-4A55-A33A-F2DCAEC75FEA}"
EndProject
Project("{FAE04EC0-301F-11D3-BF4B-00C04F79EFBC}") = "Aspire.Flowise.Client", "Aspire.Flowise.Client\Aspire.Flowise.Client.csproj", "{318781CD-45E9-41ED-AD21-5EB992234AD6}"
EndProject
Project("{FAE04EC0-301F-11D3-BF4B-00C04F79EFBC}") = "Aspire.N8N.Hosting", "Aspire.N8N.Hosting\Aspire.N8N.Hosting.csproj", "{8D1857B5-B26A-43CC-AD40-16D236C6282E}"
EndProject
Project("{FAE04EC0-301F-11D3-BF4B-00C04F79EFBC}") = "N8N.Client", "N8N.Client\N8N.Client.csproj", "{B4965E41-329C-3D9E-21D0-5DADA1F6BFBD}"
EndProject
Project("{FAE04EC0-301F-11D3-BF4B-00C04F79EFBC}") = "Aspire.N8N.Client", "Aspire.N8N.Client\Aspire.N8N.Client.csproj", "{43192361-F195-8F8F-7158-D7C3D59CFC79}"
EndProject
Project("{FAE04EC0-301F-11D3-BF4B-00C04F79EFBC}") = "Aspire.LiteLLM.Hosting", "Aspire.LiteLLM.Hosting\Aspire.LiteLLM.Hosting.csproj", "{4AB2252D-9FCB-4D2B-8ECF-D9D55EBF7B1B}"
EndProject
Project("{FAE04EC0-301F-11D3-BF4B-00C04F79EFBC}") = "Aspire.Langfuse.Hosting", "Aspire.Langfuse.Hosting\Aspire.Langfuse.Hosting.csproj", "{35E6846F-B32D-4278-A6F7-DB4B13706119}"
EndProject
Project("{FAE04EC0-301F-11D3-BF4B-00C04F79EFBC}") = "Aspire.OpenWebUI.Hosting", "Aspire.OpenWebUI.Hosting\Aspire.OpenWebUI.Hosting.csproj", "{0B2549BF-C384-4609-8BB3-24ACDB9568F1}"
EndProject
Project("{FAE04EC0-301F-11D3-BF4B-00C04F79EFBC}") = "Aspire.OpenObserve.Hosting", "Aspire.OpenObserve.Hosting\Aspire.OpenObserve.Hosting.csproj", "{7A520AEE-E7F1-421D-AAF4-E2DD1A1B07B4}"
EndProject
Project("{FAE04EC0-301F-11D3-BF4B-00C04F79EFBC}") = "Aspire.Gotenberg.Hosting", "Aspire.Gotenberg.Hosting\Aspire.Gotenberg.Hosting.csproj", "{62E6F4B0-C7FF-482E-9EB7-B7EA7391823A}"
EndProject
Project("{FAE04EC0-301F-11D3-BF4B-00C04F79EFBC}") = "Aspire.Meilisearch.Hosting", "Aspire.Meilisearch.Hosting\Aspire.Meilisearch.Hosting.csproj", "{3657E472-67E6-48AB-BDAF-E81D4FC45662}"
EndProject
Project("{FAE04EC0-301F-11D3-BF4B-00C04F79EFBC}") = "Aspire.Typesense.Hosting", "Aspire.Typesense.Hosting\Aspire.Typesense.Hosting.csproj", "{4F118465-5D05-4A8E-8AFC-27146B4C649B}"
EndProject
Project("{FAE04EC0-301F-11D3-BF4B-00C04F79EFBC}") = "Aspire.SeaweedFS.Hosting", "Aspire.SeaweedFS.Hosting\Aspire.SeaweedFS.Hosting.csproj", "{EA640CE7-90FF-4A78-A4C7-12F60893E412}"
EndProject
Project("{FAE04EC0-301F-11D3-BF4B-00C04F79EFBC}") = "Aspire.Dozzle.Hosting", "Aspire.Dozzle.Hosting\Aspire.Dozzle.Hosting.csproj", "{E3FA7CAE-D12E-49F7-86D0-4BE49F862111}"
EndProject
Project("{FAE04EC0-301F-11D3-BF4B-00C04F79EFBC}") = "Aspire.UptimeKuma.Hosting", "Aspire.UptimeKuma.Hosting\Aspire.UptimeKuma.Hosting.csproj", "{FD79906A-2BD7-4493-9373-56EC3ECEF995}"
EndProject
Project("{FAE04EC0-301F-11D3-BF4B-00C04F79EFBC}") = "Aspire.Hoppscotch.Hosting", "Aspire.Hoppscotch.Hosting\Aspire.Hoppscotch.Hosting.csproj", "{54872DFC-5D1F-4796-B7FF-18ADBC8814DC}"
EndProject
Project("{FAE04EC0-301F-11D3-BF4B-00C04F79EFBC}") = "Aspire.Infisical.Hosting", "Aspire.Infisical.Hosting\Aspire.Infisical.Hosting.csproj", "{87DFF553-2638-4D7B-9FAF-1CD8CFAF926E}"
EndProject
Project("{FAE04EC0-301F-11D3-BF4B-00C04F79EFBC}") = "Aspire.Zitadel.Hosting", "Aspire.Zitadel.Hosting\Aspire.Zitadel.Hosting.csproj", "{71C57D26-7687-42F6-99E0-4818674EEAE1}"
EndProject
Project("{FAE04EC0-301F-11D3-BF4B-00C04F79EFBC}") = "Aspire.Temporal.Hosting", "Aspire.Temporal.Hosting\Aspire.Temporal.Hosting.csproj", "{4FE051A5-7739-4825-9D0F-44E8A387E9BC}"
EndProject
Project("{FAE04EC0-301F-11D3-BF4B-00C04F79EFBC}") = "Aspire.Windmill.Hosting", "Aspire.Windmill.Hosting\Aspire.Windmill.Hosting.csproj", "{2D5F19B0-EDF9-4894-AF42-B9F21B10FD58}"
EndProject
Project("{FAE04EC0-301F-11D3-BF4B-00C04F79EFBC}") = "Aspire.Docmost.Hosting", "Aspire.Docmost.Hosting\Aspire.Docmost.Hosting.csproj", "{B8ECFCC1-40FB-428D-B498-400C3F71959B}"
EndProject
Project("{FAE04EC0-301F-11D3-BF4B-00C04F79EFBC}") = "Aspire.Gitea.Hosting", "Aspire.Gitea.Hosting\Aspire.Gitea.Hosting.csproj", "{2399C172-01CD-4E9F-92B8-DFB59F52C011}"
EndProject
Project("{FAE04EC0-301F-11D3-BF4B-00C04F79EFBC}") = "Aspire.Plane.Hosting", "Aspire.Plane.Hosting\Aspire.Plane.Hosting.csproj", "{946E748A-5BF3-4430-B137-A8D4EC6B1148}"
EndProject
Project("{FAE04EC0-301F-11D3-BF4B-00C04F79EFBC}") = "Aspire.Kroki.Hosting", "Aspire.Kroki.Hosting\Aspire.Kroki.Hosting.csproj", "{2BE0E5A9-5CE7-4C96-BCE9-2D809E124417}"
EndProject
Project("{FAE04EC0-301F-11D3-BF4B-00C04F79EFBC}") = "Aspire.Appsmith.Hosting", "Aspire.Appsmith.Hosting\Aspire.Appsmith.Hosting.csproj", "{C1BF1460-74FC-4056-93F8-985ADF6B5904}"
EndProject
Project("{FAE04EC0-301F-11D3-BF4B-00C04F79EFBC}") = "Aspire.Adminer.Hosting", "Aspire.Adminer.Hosting\Aspire.Adminer.Hosting.csproj", "{C193C85B-350A-448F-BEB5-F13670CDD832}"
EndProject
Project("{FAE04EC0-301F-11D3-BF4B-00C04F79EFBC}") = "Aspire.PgAdmin.Hosting", "Aspire.PgAdmin.Hosting\Aspire.PgAdmin.Hosting.csproj", "{1D7CA168-071B-4D49-95FB-7BE7F3FCF58C}"
EndProject
Project("{FAE04EC0-301F-11D3-BF4B-00C04F79EFBC}") = "Aspire.Grafana.Hosting", "Aspire.Grafana.Hosting\Aspire.Grafana.Hosting.csproj", "{69C6B105-66D1-485D-B329-9E58DA3A353B}"
EndProject
Project("{FAE04EC0-301F-11D3-BF4B-00C04F79EFBC}") = "Aspire.OtelLgtm.Hosting", "Aspire.OtelLgtm.Hosting\Aspire.OtelLgtm.Hosting.csproj", "{084B5C43-D318-4372-9D50-CACFE5E9531D}"
EndProject
Project("{FAE04EC0-301F-11D3-BF4B-00C04F79EFBC}") = "Aspire.Memcached.Hosting", "Aspire.Memcached.Hosting\Aspire.Memcached.Hosting.csproj", "{69A0C527-A99C-4658-8219-90DF7C8C0C01}"
EndProject
Project("{FAE04EC0-301F-11D3-BF4B-00C04F79EFBC}") = "Aspire.Mattermost.Hosting", "Aspire.Mattermost.Hosting\Aspire.Mattermost.Hosting.csproj", "{B7564179-711A-446E-A4CE-9F3D5B79B5EC}"
EndProject
Project("{FAE04EC0-301F-11D3-BF4B-00C04F79EFBC}") = "Aspire.Directus.Hosting", "Aspire.Directus.Hosting\Aspire.Directus.Hosting.csproj", "{80A938E8-8FE0-4A7E-86AB-A1098B90DAAA}"
EndProject
Project("{FAE04EC0-301F-11D3-BF4B-00C04F79EFBC}") = "Aspire.LocalAI.Hosting", "Aspire.LocalAI.Hosting\Aspire.LocalAI.Hosting.csproj", "{53C780B7-ADCC-436A-B218-869B386FA2CA}"
EndProject
Project("{FAE04EC0-301F-11D3-BF4B-00C04F79EFBC}") = "Aspire.Soketi.Hosting", "Aspire.Soketi.Hosting\Aspire.Soketi.Hosting.csproj", "{DDA77A58-8D25-41FA-8127-062C77C25934}"
EndProject
Project("{FAE04EC0-301F-11D3-BF4B-00C04F79EFBC}") = "Aspire.Bytebase.Hosting", "Aspire.Bytebase.Hosting\Aspire.Bytebase.Hosting.csproj", "{7BBDD336-9281-46A7-B3A5-5756D0471518}"
EndProject
Global
	GlobalSection(SolutionConfigurationPlatforms) = preSolution
		Debug|Any CPU = Debug|Any CPU
		Debug|x64 = Debug|x64
		Debug|x86 = Debug|x86
		Release|Any CPU = Release|Any CPU
		Release|x64 = Release|x64
		Release|x86 = Release|x86
	EndGlobalSection
	GlobalSection(ProjectConfigurationPlatforms) = postSolution
		{137C126C-44D0-4C98-B8AA-5A6934DB448C}.Debug|Any CPU.ActiveCfg = Debug|Any CPU
		{137C126C-44D0-4C98-B8AA-5A6934DB448C}.Debug|Any CPU.Build.0 = Debug|Any CPU
		{137C126C-44D0-4C98-B8AA-5A6934DB448C}.Debug|x64.ActiveCfg = Debug|Any CPU
		{137C126C-44D0-4C98-B8AA-5A6934DB448C}.Debug|x64.Build.0 = Debug|Any CPU
		{137C126C-44D0-4C98-B8AA-5A6934DB448C}.Debug|x86.ActiveCfg = Debug|Any CPU
		{137C126C-44D0-4C98-B8AA-5A6934DB448C}.Debug|x86.Build.0 = Debug|Any CPU
		{137C126C-44D0-4C98-B8AA-5A6934DB448C}.Release|Any CPU.ActiveCfg = Release|Any CPU
		{137C126C-44D0-4C98-B8AA-5A6934DB448C}.Release|Any CPU.Build.0 = Release|Any CPU
		{137C126C-44D0-4C98-B8AA-5A6934DB448C}.Release|x64.ActiveCfg = Release|Any CPU
		{137C126C-44D0-4C98-B8AA-5A6934DB448C}.Release|x64.Build.0 = Release|Any CPU
		{137C126C-44D0-4C98-B8AA-5A6934DB448C}.Release|x86.ActiveCfg = Release|Any CPU
		{137C126C-44D0-4C98-B8AA-5A6934DB448C}.Release|x86.Build.0 = Release|Any CPU
		{C6082BB5-0642-4E33-A32B-3F23CC28D1B1}.Debug|Any CPU.ActiveCfg = Debug|Any CPU
		{C6082BB5-0642-4E33-A32B-3F23CC28D1B1}.Debug|Any CPU.Build.0 = Debug|Any CPU
		{C6082BB5-0642-4E33-A32B-3F23CC28D1B1}.Debug|x64.ActiveCfg = Debug|Any CPU
		{C6082BB5-0642-4E33-A32B-3F23CC28D1B1}.Debug|x64.Build.0 = Debug|Any CPU
		{C6082BB5-0642-4E33-A32B-3F23CC28D1B1}.Debug|x86.ActiveCfg = Debug|Any CPU
		{C6082BB5-0642-4E33-A32B-3F23CC28D1B1}.Debug|x86.Build.0 = Debug|Any CPU
		{C6082BB5-0642-4E33-A32B-3F23CC28D1B1}.Release|Any CPU.ActiveCfg = Release|Any CPU
		{C6082BB5-0642-4E33-A32B-3F23CC28D1B1}.Release|Any CPU.Build.0 = Release|Any CPU
		{C6082BB5-0642-4E33-A32B-3F23CC28D1B1}.Release|x64.ActiveCfg = Release|Any CPU
		{C6082BB5-0642-4E33-A32B-3F23CC28D1B1}.Release|x64.Build.0 = Release|Any CPU
		{C6082BB5-0642-4E33-A32B-3F23CC28D1B1}.Release|x86.ActiveCfg = Release|Any CPU
		{C6082BB5-0642-4E33-A32B-3F23CC28D1B1}.Release|x86.Build.0 = Release|Any CPU
		{54050FCE-ADA0-4155-A756-C16C6CA3F927}.Debug|Any CPU.ActiveCfg = Debug|Any CPU
		{54050FCE-ADA0-4155-A756-C16C6CA3F927}.Debug|Any CPU.Build.0 = Debug|Any CPU
		{54050FCE-ADA0-4155-A756-C16C6CA3F927}.Debug|x64.ActiveCfg = Debug|Any CPU
		{54050FCE-ADA0-4155-A756-C16C6CA3F927}.Debug|x64.Build.0 = Debug|Any CPU
		{54050FCE-ADA0-4155-A756-C16C6CA3F927}.Debug|x86.ActiveCfg = Debug|Any CPU
		{54050FCE-ADA0-4155-A756-C16C6CA3F927}.Debug|x86.Build.0 = Debug|Any CPU
		{54050FCE-ADA0-4155-A756-C16C6CA3F927}.Release|Any CPU.ActiveCfg = Release|Any CPU
		{54050FCE-ADA0-4155-A756-C16C6CA3F927}.Release|Any CPU.Build.0 = Release|Any CPU
		{54050FCE-ADA0-4155-A756-C16C6CA3F927}.Release|x64.ActiveCfg = Release|Any CPU
		{54050FCE-ADA0-4155-A756-C16C6CA3F927}.Release|x64.Build.0 = Release|Any CPU
		{54050FCE-ADA0-4155-A756-C16C6CA3F927}.Release|x86.ActiveCfg = Release|Any CPU
		{54050FCE-ADA0-4155-A756-C16C6CA3F927}.Release|x86.Build.0 = Release|Any CPU
		{B9E6686D-D34C-425D-A101-6DADF34AB649}.Debug|Any CPU.ActiveCfg = Debug|Any CPU
		{B9E6686D-D34C-425D-A101-6DADF34AB649}.Debug|Any CPU.Build.0 = Debug|Any CPU
		{B9E6686D-D34C-425D-A101-6DADF34AB649}.Debug|x64.ActiveCfg = Debug|Any CPU
		{B9E6686D-D34C-425D-A101-6DADF34AB649}.Debug|x64.Build.0 = Debug|Any CPU
		{B9E6686D-D34C-425D-A101-6DADF34AB649}.Debug|x86.ActiveCfg = Debug|Any CPU
		{B9E6686D-D34C-425D-A101-6DADF34AB649}.Debug|x86.Build.0 = Debug|Any CPU
		{B9E6686D-D34C-425D-A101-6DADF34AB649}.Release|Any CPU.ActiveCfg = Release|Any CPU
		{B9E6686D-D34C-425D-A101-6DADF34AB649}.Release|Any CPU.Build.0 = Release|Any CPU
		{B9E6686D-D34C-425D-A101-6DADF34AB649}.Release|x64.ActiveCfg = Release|Any CPU
		{B9E6686D-D34C-425D-A101-6DADF34AB649}.Release|x64.Build.0 = Release|Any CPU
		{B9E6686D-D34C-425D-A101-6DADF34AB649}.Release|x86.ActiveCfg = Release|Any CPU
		{B9E6686D-D34C-425D-A101-6DADF34AB649}.Release|x86.Build.0 = Release|Any CPU
		{AE797949-B0D8-4094-82F4-070339CDEC1F}.Debug|Any CPU.ActiveCfg = Debug|Any CPU
		{AE797949-B0D8-4094-82F4-070339CDEC1F}.Debug|Any CPU.Build.0 = Debug|Any CPU
		{AE797949-B0D8-4094-82F4-070339CDEC1F}.Debug|x64.ActiveCfg = Debug|Any CPU
		{AE797949-B0D8-4094-82F4-070339CDEC1F}.Debug|x64.Build.0 = Debug|Any CPU
		{AE797949-B0D8-4094-82F4-070339CDEC1F}.Debug|x86.ActiveCfg = Debug|Any CPU
		{AE797949-B0D8-4094-82F4-070339CDEC1F}.Debug|x86.Build.0 = Debug|Any CPU
		{AE797949-B0D8-4094-82F4-070339CDEC1F}.Release|Any CPU.ActiveCfg = Release|Any CPU
		{AE797949-B0D8-4094-82F4-070339CDEC1F}.Release|Any CPU.Build.0 = Release|Any CPU
		{AE797949-B0D8-4094-82F4-070339CDEC1F}.Release|x64.ActiveCfg = Release|Any CPU
		{AE797949-B0D8-4094-82F4-070339CDEC1F}.Release|x64.Build.0 = Release|Any CPU
		{AE797949-B0D8-4094-82F4-070339CDEC1F}.Release|x86.ActiveCfg = Release|Any CPU
		{AE797949-B0D8-4094-82F4-070339CDEC1F}.Release|x86.Build.0 = Release|Any CPU
		{5CFF0955-3635-4CF1-B196-F7EA12DDF890}.Debug|Any CPU.ActiveCfg = Debug|Any CPU
		{5CFF0955-3635-4CF1-B196-F7EA12DDF890}.Debug|Any CPU.Build.0 = Debug|Any CPU
		{5CFF0955-3635-4CF1-B196-F7EA12DDF890}.Debug|x64.ActiveCfg = Debug|Any CPU
		{5CFF0955-3635-4CF1-B196-F7EA12DDF890}.Debug|x64.Build.0 = Debug|Any CPU
		{5CFF0955-3635-4CF1-B196-F7EA12DDF890}.Debug|x86.ActiveCfg = Debug|Any CPU
		{5CFF0955-3635-4CF1-B196-F7EA12DDF890}.Debug|x86.Build.0 = Debug|Any CPU
		{5CFF0955-3635-4CF1-B196-F7EA12DDF890}.Release|Any CPU.ActiveCfg = Release|Any CPU
		{5CFF0955-3635-4CF1-B196-F7EA12DDF890}.Release|Any CPU.Build.0 = Release|Any CPU
		{5CFF0955-3635-4CF1-B196-F7EA12DDF890}.Release|x64.ActiveCfg = Release|Any CPU
		{5CFF0955-3635-4CF1-B196-F7EA12DDF890}.Release|x64.Build.0 = Release|Any CPU
		{5CFF0955-3635-4CF1-B196-F7EA12DDF890}.Release|x86.ActiveCfg = Release|Any CPU
		{5CFF0955-3635-4CF1-B196-F7EA12DDF890}.Release|x86.Build.0 = Release|Any CPU
		{4E69C155-5455-45F9-9B30-459C1E93AC64}.Debug|Any CPU.ActiveCfg = Debug|Any CPU
		{4E69C155-5455-45F9-9B30-459C1E93AC64}.Debug|Any CPU.Build.0 = Debug|Any CPU
		{4E69C155-5455-45F9-9B30-459C1E93AC64}.Debug|x64.ActiveCfg = Debug|Any CPU
		{4E69C155-5455-45F9-9B30-459C1E93AC64}.Debug|x64.Build.0 = Debug|Any CPU
		{4E69C155-5455-45F9-9B30-459C1E93AC64}.Debug|x86.ActiveCfg = Debug|Any CPU
		{4E69C155-5455-45F9-9B30-459C1E93AC64}.Debug|x86.Build.0 = Debug|Any CPU
		{4E69C155-5455-45F9-9B30-459C1E93AC64}.Release|Any CPU.ActiveCfg = Release|Any CPU
		{4E69C155-5455-45F9-9B30-459C1E93AC64}.Release|Any CPU.Build.0 = Release|Any CPU
		{4E69C155-5455-45F9-9B30-459C1E93AC64}.Release|x64.ActiveCfg = Release|Any CPU
		{4E69C155-5455-45F9-9B30-459C1E93AC64}.Release|x64.Build.0 = Release|Any CPU
		{4E69C155-5455-45F9-9B30-459C1E93AC64}.Release|x86.ActiveCfg = Release|Any CPU
		{4E69C155-5455-45F9-9B30-459C1E93AC64}.Release|x86.Build.0 = Release|Any CPU
		{F6D0FB46-F000-45EB-8469-9EFC3CFD3F71}.Debug|Any CPU.ActiveCfg = Debug|Any CPU
		{F6D0FB46-F000-45EB-8469-9EFC3CFD3F71}.Debug|Any CPU.Build.0 = Debug|Any CPU
		{F6D0FB46-F000-45EB-8469-9EFC3CFD3F71}.Debug|x64.ActiveCfg = Debug|Any CPU
		{F6D0FB46-F000-45EB-8469-9EFC3CFD3F71}.Debug|x64.Build.0 = Debug|Any CPU
		{F6D0FB46-F000-45EB-8469-9EFC3CFD3F71}.Debug|x86.ActiveCfg = Debug|Any CPU
		{F6D0FB46-F000-45EB-8469-9EFC3CFD3F71}.Debug|x86.Build.0 = Debug|Any CPU
		{F6D0FB46-F000-45EB-8469-9EFC3CFD3F71}.Release|Any CPU.ActiveCfg = Release|Any CPU
		{F6D0FB46-F000-45EB-8469-9EFC3CFD3F71}.Release|Any CPU.Build.0 = Release|Any CPU
		{F6D0FB46-F000-45EB-8469-9EFC3CFD3F71}.Release|x64.ActiveCfg = Release|Any CPU
		{F6D0FB46-F000-45EB-8469-9EFC3CFD3F71}.Release|x64.Build.0 = Release|Any CPU
		{F6D0FB46-F000-45EB-8469-9EFC3CFD3F71}.Release|x86.ActiveCfg = Release|Any CPU
		{F6D0FB46-F000-45EB-8469-9EFC3CFD3F71}.Release|x86.Build.0 = Release|Any CPU
		{4960AF88-9E95-4A55-A33A-F2DCAEC75FEA}.Debug|Any CPU.ActiveCfg = Debug|Any CPU
		{4960AF88-9E95-4A55-A33A-F2DCAEC75FEA}.Debug|Any CPU.Build.0 = Debug|Any CPU
		{4960AF88-9E95-4A55-A33A-F2DCAEC75FEA}.Debug|x64.ActiveCfg = Debug|Any CPU
		{4960AF88-9E95-4A55-A33A-F2DCAEC75FEA}.Debug|x64.Build.0 = Debug|Any CPU
		{4960AF88-9E95-4A55-A33A-F2DCAEC75FEA}.Debug|x86.ActiveCfg = Debug|Any CPU
		{4960AF88-9E95-4A55-A33A-F2DCAEC75FEA}.Debug|x86.Build.0 = Debug|Any CPU
		{4960AF88-9E95-4A55-A33A-F2DCAEC75FEA}.Release|Any CPU.ActiveCfg = Release|Any CPU
		{4960AF88-9E95-4A55-A33A-F2DCAEC75FEA}.Release|Any CPU.Build.0 = Release|Any CPU
		{4960AF88-9E95-4A55-A33A-F2DCAEC75FEA}.Release|x64.ActiveCfg = Release|Any CPU
		{4960AF88-9E95-4A55-A33A-F2DCAEC75FEA}.Release|x64.Build.0 = Release|Any CPU
		{4960AF88-9E95-4A55-A33A-F2DCAEC75FEA}.Release|x86.ActiveCfg = Release|Any CPU
		{4960AF88-9E95-4A55-A33A-F2DCAEC75FEA}.Release|x86.Build.0 = Release|Any CPU
		{318781CD-45E9-41ED-AD21-5EB992234AD6}.Debug|Any CPU.ActiveCfg = Debug|Any CPU
		{318781CD-45E9-41ED-AD21-5EB992234AD6}.Debug|Any CPU.Build.0 = Debug|Any CPU
		{318781CD-45E9-41ED-AD21-5EB992234AD6}.Debug|x64.ActiveCfg = Debug|Any CPU
		{318781CD-45E9-41ED-AD21-5EB992234AD6}.Debug|x64.Build.0 = Debug|Any CPU
		{318781CD-45E9-41ED-AD21-5EB992234AD6}.Debug|x86.ActiveCfg = Debug|Any CPU
		{318781CD-45E9-41ED-AD21-5EB992234AD6}.Debug|x86.Build.0 = Debug|Any CPU
		{318781CD-45E9-41ED-AD21-5EB992234AD6}.Release|Any CPU.ActiveCfg = Release|Any CPU
		{318781CD-45E9-41ED-AD21-5EB992234AD6}.Release|Any CPU.Build.0 = Release|Any CPU
		{318781CD-45E9-41ED-AD21-5EB992234AD6}.Release|x64.ActiveCfg = Release|Any CPU
		{318781CD-45E9-41ED-AD21-5EB992234AD6}.Release|x64.Build.0 = Release|Any CPU
		{318781CD-45E9-41ED-AD21-5EB992234AD6}.Release|x86.ActiveCfg = Release|Any CPU
		{318781CD-45E9-41ED-AD21-5EB992234AD6}.Release|x86.Build.0 = Release|Any CPU
		{8D1857B5-B26A-43CC-AD40-16D236C6282E}.Debug|Any CPU.ActiveCfg = Debug|Any CPU
		{8D1857B5-B26A-43CC-AD40-16D236C6282E}.Debug|Any CPU.Build.0 = Debug|Any CPU
		{8D1857B5-B26A-43CC-AD40-16D236C6282E}.Debug|x64.ActiveCfg = Debug|Any CPU
		{8D1857B5-B26A-43CC-AD40-16D236C6282E}.Debug|x64.Build.0 = Debug|Any CPU
		{8D1857B5-B26A-43CC-AD40-16D236C6282E}.Debug|x86.ActiveCfg = Debug|Any CPU
		{8D1857B5-B26A-43CC-AD40-16D236C6282E}.Debug|x86.Build.0 = Debug|Any CPU
		{8D1857B5-B26A-43CC-AD40-16D236C6282E}.Release|Any CPU.ActiveCfg = Release|Any CPU
		{8D1857B5-B26A-43CC-AD40-16D236C6282E}.Release|Any CPU.Build.0 = Release|Any CPU
		{8D1857B5-B26A-43CC-AD40-16D236C6282E}.Release|x64.ActiveCfg = Release|Any CPU
		{8D1857B5-B26A-43CC-AD40-16D236C6282E}.Release|x64.Build.0 = Release|Any CPU
		{8D1857B5-B26A-43CC-AD40-16D236C6282E}.Release|x86.ActiveCfg = Release|Any CPU
		{8D1857B5-B26A-43CC-AD40-16D236C6282E}.Release|x86.Build.0 = Release|Any CPU
		{B4965E41-329C-3D9E-21D0-5DADA1F6BFBD}.Debug|Any CPU.ActiveCfg = Debug|Any CPU
		{B4965E41-329C-3D9E-21D0-5DADA1F6BFBD}.Debug|Any CPU.Build.0 = Debug|Any CPU
		{B4965E41-329C-3D9E-21D0-5DADA1F6BFBD}.Debug|x64.ActiveCfg = Debug|Any CPU
		{B4965E41-329C-3D9E-21D0-5DADA1F6BFBD}.Debug|x64.Build.0 = Debug|Any CPU
		{B4965E41-329C-3D9E-21D0-5DADA1F6BFBD}.Debug|x86.ActiveCfg = Debug|Any CPU
		{B4965E41-329C-3D9E-21D0-5DADA1F6BFBD}.Debug|x86.Build.0 = Debug|Any CPU
		{B4965E41-329C-3D9E-21D0-5DADA1F6BFBD}.Release|Any CPU.ActiveCfg = Release|Any CPU
		{B4965E41-329C-3D9E-21D0-5DADA1F6BFBD}.Release|Any CPU.Build.0 = Release|Any CPU
		{B4965E41-329C-3D9E-21D0-5DADA1F6BFBD}.Release|x64.ActiveCfg = Release|Any CPU
		{B4965E41-329C-3D9E-21D0-5DADA1F6BFBD}.Release|x64.Build.0 = Release|Any CPU
		{B4965E41-329C-3D9E-21D0-5DADA1F6BFBD}.Release|x86.ActiveCfg = Release|Any CPU
		{B4965E41-329C-3D9E-21D0-5DADA1F6BFBD}.Release|x86.Build.0 = Release|Any CPU
		{43192361-F195-8F8F-7158-D7C3D59CFC79}.Debug|Any CPU.ActiveCfg = Debug|Any CPU
		{43192361-F195-8F8F-7158-D7C3D59CFC79}.Debug|Any CPU.Build.0 = Debug|Any CPU
		{43192361-F195-8F8F-7158-D7C3D59CFC79}.Debug|x64.ActiveCfg = Debug|Any CPU
		{43192361-F195-8F8F-7158-D7C3D59CFC79}.Debug|x64.Build.0 = Debug|Any CPU
		{43192361-F195-8F8F-7158-D7C3D59CFC79}.Debug|x86.ActiveCfg = Debug|Any CPU
		{43192361-F195-8F8F-7158-D7C3D59CFC79}.Debug|x86.Build.0 = Debug|Any CPU
		{43192361-F195-8F8F-7158-D7C3D59CFC79}.Release|Any CPU.ActiveCfg = Release|Any CPU
		{43192361-F195-8F8F-7158-D7C3D59CFC79}.Release|Any CPU.Build.0 = Release|Any CPU
		{43192361-F195-8F8F-7158-D7C3D59CFC79}.Release|x64.ActiveCfg = Release|Any CPU
		{43192361-F195-8F8F-7158-D7C3D59CFC79}.Release|x64.Build.0 = Release|Any CPU
		{43192361-F195-8F8F-7158-D7C3D59CFC79}.Release|x86.ActiveCfg = Release|Any CPU
		{43192361-F195-8F8F-7158-D7C3D59CFC79}.Release|x86.Build.0 = Release|Any CPU
		{4AB2252D-9FCB-4D2B-8ECF-D9D55EBF7B1B}.Debug|Any CPU.ActiveCfg = Debug|Any CPU
		{4AB2252D-9FCB-4D2B-8ECF-D9D55EBF7B1B}.Debug|Any CPU.Build.0 = Debug|Any CPU
		{4AB2252D-9FCB-4D2B-8ECF-D9D55EBF7B1B}.Debug|x64.ActiveCfg = Debug|Any CPU
		{4AB2252D-9FCB-4D2B-8ECF-D9D55EBF7B1B}.Debug|x64.Build.0 = Debug|Any CPU
		{4AB2252D-9FCB-4D2B-8ECF-D9D55EBF7B1B}.Debug|x86.ActiveCfg = Debug|Any CPU
		{4AB2252D-9FCB-4D2B-8ECF-D9D55EBF7B1B}.Debug|x86.Build.0 = Debug|Any CPU
		{4AB2252D-9FCB-4D2B-8ECF-D9D55EBF7B1B}.Release|Any CPU.ActiveCfg = Release|Any CPU
		{4AB2252D-9FCB-4D2B-8ECF-D9D55EBF7B1B}.Release|Any CPU.Build.0 = Release|Any CPU
		{4AB2252D-9FCB-4D2B-8ECF-D9D55EBF7B1B}.Release|x64.ActiveCfg = Release|Any CPU
		{4AB2252D-9FCB-4D2B-8ECF-D9D55EBF7B1B}.Release|x64.Build.0 = Release|Any CPU
		{4AB2252D-9FCB-4D2B-8ECF-D9D55EBF7B1B}.Release|x86.ActiveCfg = Release|Any CPU
		{4AB2252D-9FCB-4D2B-8ECF-D9D55EBF7B1B}.Release|x86.Build.0 = Release|Any CPU
		{35E6846F-B32D-4278-A6F7-DB4B13706119}.Debug|Any CPU.ActiveCfg = Debug|Any CPU
		{35E6846F-B32D-4278-A6F7-DB4B13706119}.Debug|Any CPU.Build.0 = Debug|Any CPU
		{35E6846F-B32D-4278-A6F7-DB4B13706119}.Debug|x64.ActiveCfg = Debug|Any CPU
		{35E6846F-B32D-4278-A6F7-DB4B13706119}.Debug|x64.Build.0 = Debug|Any CPU
		{35E6846F-B32D-4278-A6F7-DB4B13706119}.Debug|x86.ActiveCfg = Debug|Any CPU
		{35E6846F-B32D-4278-A6F7-DB4B13706119}.Debug|x86.Build.0 = Debug|Any CPU
		{35E6846F-B32D-4278-A6F7-DB4B13706119}.Release|Any CPU.ActiveCfg = Release|Any CPU
		{35E6846F-B32D-4278-A6F7-DB4B13706119}.Release|Any CPU.Build.0 = Release|Any CPU
		{35E6846F-B32D-4278-A6F7-DB4B13706119}.Release|x64.ActiveCfg = Release|Any CPU
		{35E6846F-B32D-4278-A6F7-DB4B13706119}.Release|x64.Build.0 = Release|Any CPU
		{35E6846F-B32D-4278-A6F7-DB4B13706119}.Release|x86.ActiveCfg = Release|Any CPU
		{35E6846F-B32D-4278-A6F7-DB4B13706119}.Release|x86.Build.0 = Release|Any CPU
		{0B2549BF-C384-4609-8BB3-24ACDB9568F1}.Debug|Any CPU.ActiveCfg = Debug|Any CPU
		{0B2549BF-C384-4609-8BB3-24ACDB9568F1}.Debug|Any CPU.Build.0 = Debug|Any CPU
		{0B2549BF-C384-4609-8BB3-24ACDB9568F1}.Debug|x64.ActiveCfg = Debug|Any CPU
		{0B2549BF-C384-4609-8BB3-24ACDB9568F1}.Debug|x64.Build.0 = Debug|Any CPU
		{0B2549BF-C384-4609-8BB3-24ACDB9568F1}.Debug|x86.ActiveCfg = Debug|Any CPU
		{0B2549BF-C384-4609-8BB3-24ACDB9568F1}.Debug|x86.Build.0 = Debug|Any CPU
		{0B2549BF-C384-4609-8BB3-24ACDB9568F1}.Release|Any CPU.ActiveCfg = Release|Any CPU
		{0B2549BF-C384-4609-8BB3-24ACDB9568F1}.Release|Any CPU.Build.0 = Release|Any CPU
		{0B2549BF-C384-4609-8BB3-24ACDB9568F1}.Release|x64.ActiveCfg = Release|Any CPU
		{0B2549BF-C384-4609-8BB3-24ACDB9568F1}.Release|x64.Build.0 = Release|Any CPU
		{0B2549BF-C384-4609-8BB3-24ACDB9568F1}.Release|x86.ActiveCfg = Release|Any CPU
		{0B2549BF-C384-4609-8BB3-24ACDB9568F1}.Release|x86.Build.0 = Release|Any CPU
		{7A520AEE-E7F1-421D-AAF4-E2DD1A1B07B4}.Debug|Any CPU.ActiveCfg = Debug|Any CPU
		{7A520AEE-E7F1-421D-AAF4-E2DD1A1B07B4}.Debug|Any CPU.Build.0 = Debug|Any CPU
		{7A520AEE-E7F1-421D-AAF4-E2DD1A1B07B4}.Debug|x64.ActiveCfg = Debug|Any CPU
		{7A520AEE-E7F1-421D-AAF4-E2DD1A1B07B4}.Debug|x64.Build.0 = Debug|Any CPU
		{7A520AEE-E7F1-421D-AAF4-E2DD1A1B07B4}.Debug|x86.ActiveCfg = Debug|Any CPU
		{7A520AEE-E7F1-421D-AAF4-E2DD1A1B07B4}.Debug|x86.Build.0 = Debug|Any CPU
		{7A520AEE-E7F1-421D-AAF4-E2DD1A1B07B4}.Release|Any CPU.ActiveCfg = Release|Any CPU
		{7A520AEE-E7F1-421D-AAF4-E2DD1A1B07B4}.Release|Any CPU.Build.0 = Release|Any CPU
		{7A520AEE-E7F1-421D-AAF4-E2DD1A1B07B4}.Release|x64.ActiveCfg = Release|Any CPU
		{7A520AEE-E7F1-421D-AAF4-E2DD1A1B07B4}.Release|x64.Build.0 = Release|Any CPU
		{7A520AEE-E7F1-421D-AAF4-E2DD1A1B07B4}.Release|x86.ActiveCfg = Release|Any CPU
		{7A520AEE-E7F1-421D-AAF4-E2DD1A1B07B4}.Release|x86.Build.0 = Release|Any CPU
		{62E6F4B0-C7FF-482E-9EB7-B7EA7391823A}.Debug|Any CPU.ActiveCfg = Debug|Any CPU
		{62E6F4B0-C7FF-482E-9EB7-B7EA7391823A}.Debug|Any CPU.Build.0 = Debug|Any CPU
		{62E6F4B0-C7FF-482E-9EB7-B7EA7391823A}.Debug|x64.ActiveCfg = Debug|Any CPU
		{62E6F4B0-C7FF-482E-9EB7-B7EA7391823A}.Debug|x64.Build.0 = Debug|Any CPU
		{62E6F4B0-C7FF-482E-9EB7-B7EA7391823A}.Debug|x86.ActiveCfg = Debug|Any CPU
		{62E6F4B0-C7FF-482E-9EB7-B7EA7391823A}.Debug|x86.Build.0 = Debug|Any CPU
		{62E6F4B0-C7FF-482E-9EB7-B7EA7391823A}.Release|Any CPU.ActiveCfg = Release|Any CPU
		{62E6F4B0-C7FF-482E-9EB7-B7EA7391823A}.Release|Any CPU.Build.0 = Release|Any CPU
		{62E6F4B0-C7FF-482E-9EB7-B7EA7391823A}.Release|x64.ActiveCfg = Release|Any CPU
		{62E6F4B0-C7FF-482E-9EB7-B7EA7391823A}.Release|x64.Build.0 = Release|Any CPU
		{62E6F4B0-C7FF-482E-9EB7-B7EA7391823A}.Release|x86.ActiveCfg = Release|Any CPU
		{62E6F4B0-C7FF-482E-9EB7-B7EA7391823A}.Release|x86.Build.0 = Release|Any CPU
		{3657E472-67E6-48AB-BDAF-E81D4FC45662}.Debug|Any CPU.ActiveCfg = Debug|Any CPU
		{3657E472-67E6-48AB-BDAF-E81D4FC45662}.Debug|Any CPU.Build.0 = Debug|Any CPU
		{3657E472-67E6-48AB-BDAF-E81D4FC45662}.Debug|x64.ActiveCfg = Debug|Any CPU
		{3657E472-67E6-48AB-BDAF-E81D4FC45662}.Debug|x64.Build.0 = Debug|Any CPU
		{3657E472-67E6-48AB-BDAF-E81D4FC45662}.Debug|x86.ActiveCfg = Debug|Any CPU
		{3657E472-67E6-48AB-BDAF-E81D4FC45662}.Debug|x86.Build.0 = Debug|Any CPU
		{3657E472-67E6-48AB-BDAF-E81D4FC45662}.Release|Any CPU.ActiveCfg = Release|Any CPU
		{3657E472-67E6-48AB-BDAF-E81D4FC45662}.Release|Any CPU.Build.0 = Release|Any CPU
		{3657E472-67E6-48AB-BDAF-E81D4FC45662}.Release|x64.ActiveCfg = Release|Any CPU
		{3657E472-67E6-48AB-BDAF-E81D4FC45662}.Release|x64.Build.0 = Release|Any CPU
		{3657E472-67E6-48AB-BDAF-E81D4FC45662}.Release|x86.ActiveCfg = Release|Any CPU
		{3657E472-67E6-48AB-BDAF-E81D4FC45662}.Release|x86.Build.0 = Release|Any CPU
		{4F118465-5D05-4A8E-8AFC-27146B4C649B}.Debug|Any CPU.ActiveCfg = Debug|Any CPU
		{4F118465-5D05-4A8E-8AFC-27146B4C649B}.Debug|Any CPU.Build.0 = Debug|Any CPU
		{4F118465-5D05-4A8E-8AFC-27146B4C649B}.Debug|x64.ActiveCfg = Debug|Any CPU
		{4F118465-5D05-4A8E-8AFC-27146B4C649B}.Debug|x64.Build.0 = Debug|Any CPU
		{4F118465-5D05-4A8E-8AFC-27146B4C649B}.Debug|x86.ActiveCfg = Debug|Any CPU
		{4F118465-5D05-4A8E-8AFC-27146B4C649B}.Debug|x86.Build.0 = Debug|Any CPU
		{4F118465-5D05-4A8E-8AFC-27146B4C649B}.Release|Any CPU.ActiveCfg = Release|Any CPU
		{4F118465-5D05-4A8E-8AFC-27146B4C649B}.Release|Any CPU.Build.0 = Release|Any CPU
		{4F118465-5D05-4A8E-8AFC-27146B4C649B}.Release|x64.ActiveCfg = Release|Any CPU
		{4F118465-5D05-4A8E-8AFC-27146B4C649B}.Release|x64.Build.0 = Release|Any CPU
		{4F118465-5D05-4A8E-8AFC-27146B4C649B}.Release|x86.ActiveCfg = Release|Any CPU
		{4F118465-5D05-4A8E-8AFC-27146B4C649B}.Release|x86.Build.0 = Release|Any CPU
		{EA640CE7-90FF-4A78-A4C7-12F60893E412}.Debug|Any CPU.ActiveCfg = Debug|Any CPU
		{EA640CE7-90FF-4A78-A4C7-12F60893E412}.Debug|Any CPU.Build.0 = Debug|Any CPU
		{EA640CE7-90FF-4A78-A4C7-12F60893E412}.Debug|x64.ActiveCfg = Debug|Any CPU
		{EA640CE7-90FF-4A78-A4C7-12F60893E412}.Debug|x64.Build.0 = Debug|Any CPU
		{EA640CE7-90FF-4A78-A4C7-12F60893E412}.Debug|x86.ActiveCfg = Debug|Any CPU
		{EA640CE7-90FF-4A78-A4C7-12F60893E412}.Debug|x86.Build.0 = Debug|Any CPU
		{EA640CE7-90FF-4A78-A4C7-12F60893E412}.Release|Any CPU.ActiveCfg = Release|Any CPU
		{EA640CE7-90FF-4A78-A4C7-12F60893E412}.Release|Any CPU.Build.0 = Release|Any CPU
		{EA640CE7-90FF-4A78-A4C7-12F60893E412}.Release|x64.ActiveCfg = Release|Any CPU
		{EA640CE7-90FF-4A78-A4C7-12F60893E412}.Release|x64.Build.0 = Release|Any CPU
		{EA640CE7-90FF-4A78-A4C7-12F60893E412}.Release|x86.ActiveCfg = Release|Any CPU
		{EA640CE7-90FF-4A78-A4C7-12F60893E412}.Release|x86.Build.0 = Release|Any CPU
		{E3FA7CAE-D12E-49F7-86D0-4BE49F862111}.Debug|Any CPU.ActiveCfg = Debug|Any CPU
		{E3FA7CAE-D12E-49F7-86D0-4BE49F862111}.Debug|Any CPU.Build.0 = Debug|Any CPU
		{E3FA7CAE-D12E-49F7-86D0-4BE49F862111}.Debug|x64.ActiveCfg = Debug|Any CPU
		{E3FA7CAE-D12E-49F7-86D0-4BE49F862111}.Debug|x64.Build.0 = Debug|Any CPU
		{E3FA7CAE-D12E-49F7-86D0-4BE49F862111}.Debug|x86.ActiveCfg = Debug|Any CPU
		{E3FA7CAE-D12E-49F7-86D0-4BE49F862111}.Debug|x86.Build.0 = Debug|Any CPU
		{E3FA7CAE-D12E-49F7-86D0-4BE49F862111}.Release|Any CPU.ActiveCfg = Release|Any CPU
		{E3FA7CAE-D12E-49F7-86D0-4BE49F862111}.Release|Any CPU.Build.0 = Release|Any CPU
		{E3FA7CAE-D12E-49F7-86D0-4BE49F862111}.Release|x64.ActiveCfg = Release|Any CPU
		{E3FA7CAE-D12E-49F7-86D0-4BE49F862111}.Release|x64.Build.0 = Release|Any CPU
		{E3FA7CAE-D12E-49F7-86D0-4BE49F862111}.Release|x86.ActiveCfg = Release|Any CPU
		{E3FA7CAE-D12E-49F7-86D0-4BE49F862111}.Release|x86.Build.0 = Release|Any CPU
		{FD79906A-2BD7-4493-9373-56EC3ECEF995}.Debug|Any CPU.ActiveCfg = Debug|Any CPU
		{FD79906A-2BD7-4493-9373-56EC3ECEF995}.Debug|Any CPU.Build.0 = Debug|Any CPU
		{FD79906A-2BD7-4493-9373-56EC3ECEF995}.Debug|x64.ActiveCfg = Debug|Any CPU
		{FD79906A-2BD7-4493-9373-56EC3ECEF995}.Debug|x64.Build.0 = Debug|Any CPU
		{FD79906A-2BD7-4493-9373-56EC3ECEF995}.Debug|x86.ActiveCfg = Debug|Any CPU
		{FD79906A-2BD7-4493-9373-56EC3ECEF995}.Debug|x86.Build.0 = Debug|Any CPU
		{FD79906A-2BD7-4493-9373-56EC3ECEF995}.Release|Any CPU.ActiveCfg = Release|Any CPU
		{FD79906A-2BD7-4493-9373-56EC3ECEF995}.Release|Any CPU.Build.0 = Release|Any CPU
		{FD79906A-2BD7-4493-9373-56EC3ECEF995}.Release|x64.ActiveCfg = Release|Any CPU
		{FD79906A-2BD7-4493-9373-56EC3ECEF995}.Release|x64.Build.0 = Release|Any CPU
		{FD79906A-2BD7-4493-9373-56EC3ECEF995}.Release|x86.ActiveCfg = Release|Any CPU
		{FD79906A-2BD7-4493-9373-56EC3ECEF995}.Release|x86.Build.0 = Release|Any CPU
		{54872DFC-5D1F-4796-B7FF-18ADBC8814DC}.Debug|Any CPU.ActiveCfg = Debug|Any CPU
		{54872DFC-5D1F-4796-B7FF-18ADBC8814DC}.Debug|Any CPU.Build.0 = Debug|Any CPU
		{54872DFC-5D1F-4796-B7FF-18ADBC8814DC}.Debug|x64.ActiveCfg = Debug|Any CPU
		{54872DFC-5D1F-4796-B7FF-18ADBC8814DC}.Debug|x64.Build.0 = Debug|Any CPU
		{54872DFC-5D1F-4796-B7FF-18ADBC8814DC}.Debug|x86.ActiveCfg = Debug|Any CPU
		{54872DFC-5D1F-4796-B7FF-18ADBC8814DC}.Debug|x86.Build.0 = Debug|Any CPU
		{54872DFC-5D1F-4796-B7FF-18ADBC8814DC}.Release|Any CPU.ActiveCfg = Release|Any CPU
		{54872DFC-5D1F-4796-B7FF-18ADBC8814DC}.Release|Any CPU.Build.0 = Release|Any CPU
		{54872DFC-5D1F-4796-B7FF-18ADBC8814DC}.Release|x64.ActiveCfg = Release|Any CPU
		{54872DFC-5D1F-4796-B7FF-18ADBC8814DC}.Release|x64.Build.0 = Release|Any CPU
		{54872DFC-5D1F-4796-B7FF-18ADBC8814DC}.Release|x86.ActiveCfg = Release|Any CPU
		{54872DFC-5D1F-4796-B7FF-18ADBC8814DC}.Release|x86.Build.0 = Release|Any CPU
		{87DFF553-2638-4D7B-9FAF-1CD8CFAF926E}.Debug|Any CPU.ActiveCfg = Debug|Any CPU
		{87DFF553-2638-4D7B-9FAF-1CD8CFAF926E}.Debug|Any CPU.Build.0 = Debug|Any CPU
		{87DFF553-2638-4D7B-9FAF-1CD8CFAF926E}.Debug|x64.ActiveCfg = Debug|Any CPU
		{87DFF553-2638-4D7B-9FAF-1CD8CFAF926E}.Debug|x64.Build.0 = Debug|Any CPU
		{87DFF553-2638-4D7B-9FAF-1CD8CFAF926E}.Debug|x86.ActiveCfg = Debug|Any CPU
		{87DFF553-2638-4D7B-9FAF-1CD8CFAF926E}.Debug|x86.Build.0 = Debug|Any CPU
		{87DFF553-2638-4D7B-9FAF-1CD8CFAF926E}.Release|Any CPU.ActiveCfg = Release|Any CPU
		{87DFF553-2638-4D7B-9FAF-1CD8CFAF926E}.Release|Any CPU.Build.0 = Release|Any CPU
		{87DFF553-2638-4D7B-9FAF-1CD8CFAF926E}.Release|x64.ActiveCfg = Release|Any CPU
		{87DFF553-2638-4D7B-9FAF-1CD8CFAF926E}.Release|x64.Build.0 = Release|Any CPU
		{87DFF553-2638-4D7B-9FAF-1CD8CFAF926E}.Release|x86.ActiveCfg = Release|Any CPU
		{87DFF553-2638-4D7B-9FAF-1CD8CFAF926E}.Release|x86.Build.0 = Release|Any CPU
		{71C57D26-7687-42F6-99E0-4818674EEAE1}.Debug|Any CPU.ActiveCfg = Debug|Any CPU
		{71C57D26-7687-42F6-99E0-4818674EEAE1}.Debug|Any CPU.Build.0 = Debug|Any CPU
		{71C57D26-7687-42F6-99E0-4818674EEAE1}.Debug|x64.ActiveCfg = Debug|Any CPU
		{71C57D26-7687-42F6-99E0-4818674EEAE1}.Debug|x64.Build.0 = Debug|Any CPU
		{71C57D26-7687-42F6-99E0-4818674EEAE1}.Debug|x86.ActiveCfg = Debug|Any CPU
		{71C57D26-7687-42F6-99E0-4818674EEAE1}.Debug|x86.Build.0 = Debug|Any CPU
		{71C57D26-7687-42F6-99E0-4818674EEAE1}.Release|Any CPU.ActiveCfg = Release|Any CPU
		{71C57D26-7687-42F6-99E0-4818674EEAE1}.Release|Any CPU.Build.0 = Release|Any CPU
		{71C57D26-7687-42F6-99E0-4818674EEAE1}.Release|x64.ActiveCfg = Release|Any CPU
		{71C57D26-7687-42F6-99E0-4818674EEAE1}.Release|x64.Build.0 = Release|Any CPU
		{71C57D26-7687-42F6-99E0-4818674EEAE1}.Release|x86.ActiveCfg = Release|Any CPU
		{71C57D26-7687-42F6-99E0-4818674EEAE1}.Release|x86.Build.0 = Release|Any CPU
		{4FE051A5-7739-4825-9D0F-44E8A387E9BC}.Debug|Any CPU.ActiveCfg = Debug|Any CPU
		{4FE051A5-7739-4825-9D0F-44E8A387E9BC}.Debug|Any CPU.Build.0 = Debug|Any CPU
		{4FE051A5-7739-4825-9D0F-44E8A387E9BC}.Debug|x64.ActiveCfg = Debug|Any CPU
		{4FE051A5-7739-4825-9D0F-44E8A387E9BC}.Debug|x64.Build.0 = Debug|Any CPU
		{4FE051A5-7739-4825-9D0F-44E8A387E9BC}.Debug|x86.ActiveCfg = Debug|Any CPU
		{4FE051A5-7739-4825-9D0F-44E8A387E9BC}.Debug|x86.Build.0 = Debug|Any CPU
		{4FE051A5-7739-4825-9D0F-44E8A387E9BC}.Release|Any CPU.ActiveCfg = Release|Any CPU
		{4FE051A5-7739-4825-9D0F-44E8A387E9BC}.Release|Any CPU.Build.0 = Release|Any CPU
		{4FE051A5-7739-4825-9D0F-44E8A387E9BC}.Release|x64.ActiveCfg = Release|Any CPU
		{4FE051A5-7739-4825-9D0F-44E8A387E9BC}.Release|x64.Build.0 = Release|Any CPU
		{4FE051A5-7739-4825-9D0F-44E8A387E9BC}.Release|x86.ActiveCfg = Release|Any CPU
		{4FE051A5-7739-4825-9D0F-44E8A387E9BC}.Release|x86.Build.0 = Release|Any CPU
		{2D5F19B0-EDF9-4894-AF42-B9F21B10FD58}.Debug|Any CPU.ActiveCfg = Debug|Any CPU
		{2D5F19B0-EDF9-4894-AF42-B9F21B10FD58}.Debug|Any CPU.Build.0 = Debug|Any CPU
		{2D5F19B0-EDF9-4894-AF42-B9F21B10FD58}.Debug|x64.ActiveCfg = Debug|Any CPU
		{2D5F19B0-EDF9-4894-AF42-B9F21B10FD58}.Debug|x64.Build.0 = Debug|Any CPU
		{2D5F19B0-EDF9-4894-AF42-B9F21B10FD58}.Debug|x86.ActiveCfg = Debug|Any CPU
		{2D5F19B0-EDF9-4894-AF42-B9F21B10FD58}.Debug|x86.Build.0 = Debug|Any CPU
		{2D5F19B0-EDF9-4894-AF42-B9F21B10FD58}.Release|Any CPU.ActiveCfg = Release|Any CPU
		{2D5F19B0-EDF9-4894-AF42-B9F21B10FD58}.Release|Any CPU.Build.0 = Release|Any CPU
		{2D5F19B0-EDF9-4894-AF42-B9F21B10FD58}.Release|x64.ActiveCfg = Release|Any CPU
		{2D5F19B0-EDF9-4894-AF42-B9F21B10FD58}.Release|x64.Build.0 = Release|Any CPU
		{2D5F19B0-EDF9-4894-AF42-B9F21B10FD58}.Release|x86.ActiveCfg = Release|Any CPU
		{2D5F19B0-EDF9-4894-AF42-B9F21B10FD58}.Release|x86.Build.0 = Release|Any CPU
		{B8ECFCC1-40FB-428D-B498-400C3F71959B}.Debug|Any CPU.ActiveCfg = Debug|Any CPU
		{B8ECFCC1-40FB-428D-B498-400C3F71959B}.Debug|Any CPU.Build.0 = Debug|Any CPU
		{B8ECFCC1-40FB-428D-B498-400C3F71959B}.Debug|x64.ActiveCfg = Debug|Any CPU
		{B8ECFCC1-40FB-428D-B498-400C3F71959B}.Debug|x64.Build.0 = Debug|Any CPU
		{B8ECFCC1-40FB-428D-B498-400C3F71959B}.Debug|x86.ActiveCfg = Debug|Any CPU
		{B8ECFCC1-40FB-428D-B498-400C3F71959B}.Debug|x86.Build.0 = Debug|Any CPU
		{B8ECFCC1-40FB-428D-B498-400C3F71959B}.Release|Any CPU.ActiveCfg = Release|Any CPU
		{B8ECFCC1-40FB-428D-B498-400C3F71959B}.Release|Any CPU.Build.0 = Release|Any CPU
		{B8ECFCC1-40FB-428D-B498-400C3F71959B}.Release|x64.ActiveCfg = Release|Any CPU
		{B8ECFCC1-40FB-428D-B498-400C3F71959B}.Release|x64.Build.0 = Release|Any CPU
		{B8ECFCC1-40FB-428D-B498-400C3F71959B}.Release|x86.ActiveCfg = Release|Any CPU
		{B8ECFCC1-40FB-428D-B498-400C3F71959B}.Release|x86.Build.0 = Release|Any CPU
		{2399C172-01CD-4E9F-92B8-DFB59F52C011}.Debug|Any CPU.ActiveCfg = Debug|Any CPU
		{2399C172-01CD-4E9F-92B8-DFB59F52C011}.Debug|Any CPU.Build.0 = Debug|Any CPU
		{2399C172-01CD-4E9F-92B8-DFB59F52C011}.Debug|x64.ActiveCfg = Debug|Any CPU
		{2399C172-01CD-4E9F-92B8-DFB59F52C011}.Debug|x64.Build.0 = Debug|Any CPU
		{2399C172-01CD-4E9F-92B8-DFB59F52C011}.Debug|x86.ActiveCfg = Debug|Any CPU
		{2399C172-01CD-4E9F-92B8-DFB59F52C011}.Debug|x86.Build.0 = Debug|Any CPU
		{2399C172-01CD-4E9F-92B8-DFB59F52C011}.Release|Any CPU.ActiveCfg = Release|Any CPU
		{2399C172-01CD-4E9F-92B8-DFB59F52C011}.Release|Any CPU.Build.0 = Release|Any CPU
		{2399C172-01CD-4E9F-92B8-DFB59F52C011}.Release|x64.ActiveCfg = Release|Any CPU
		{2399C172-01CD-4E9F-92B8-DFB59F52C011}.Release|x64.Build.0 = Release|Any CPU
		{2399C172-01CD-4E9F-92B8-DFB59F52C011}.Release|x86.ActiveCfg = Release|Any CPU
		{2399C172-01CD-4E9F-92B8-DFB59F52C011}.Release|x86.Build.0 = Release|Any CPU
		{946E748A-5BF3-4430-B137-A8D4EC6B1148}.Debug|Any CPU.ActiveCfg = Debug|Any CPU
		{946E748A-5BF3-4430-B137-A8D4EC6B1148}.Debug|Any CPU.Build.0 = Debug|Any CPU
		{946E748A-5BF3-4430-B137-A8D4EC6B1148}.Debug|x64.ActiveCfg = Debug|Any CPU
		{946E748A-5BF3-4430-B137-A8D4EC6B1148}.Debug|x64.Build.0 = Debug|Any CPU
		{946E748A-5BF3-4430-B137-A8D4EC6B1148}.Debug|x86.ActiveCfg = Debug|Any CPU
		{946E748A-5BF3-4430-B137-A8D4EC6B1148}.Debug|x86.Build.0 = Debug|Any CPU
		{946E748A-5BF3-4430-B137-A8D4EC6B1148}.Release|Any CPU.ActiveCfg = Release|Any CPU
		{946E748A-5BF3-4430-B137-A8D4EC6B1148}.Release|Any CPU.Build.0 = Release|Any CPU
		{946E748A-5BF3-4430-B137-A8D4EC6B1148}.Release|x64.ActiveCfg = Release|Any CPU
		{946E748A-5BF3-4430-B137-A8D4EC6B1148}.Release|x64.Build.0 = Release|Any CPU
		{946E748A-5BF3-4430-B137-A8D4EC6B1148}.Release|x86.ActiveCfg = Release|Any CPU
		{946E748A-5BF3-4430-B137-A8D4EC6B1148}.Release|x86.Build.0 = Release|Any CPU
		{2BE0E5A9-5CE7-4C96-BCE9-2D809E124417}.Debug|Any CPU.ActiveCfg = Debug|Any CPU
		{2BE0E5A9-5CE7-4C96-BCE9-2D809E124417}.Debug|Any CPU.Build.0 = Debug|Any CPU
		{2BE0E5A9-5CE7-4C96-BCE9-2D809E124417}.Debug|x64.ActiveCfg = Debug|Any CPU
		{2BE0E5A9-5CE7-4C96-BCE9-2D809E124417}.Debug|x64.Build.0 = Debug|Any CPU
		{2BE0E5A9-5CE7-4C96-BCE9-2D809E124417}.Debug|x86.ActiveCfg = Debug|Any CPU
		{2BE0E5A9-5CE7-4C96-BCE9-2D809E124417}.Debug|x86.Build.0 = Debug|Any CPU
		{2BE0E5A9-5CE7-4C96-BCE9-2D809E124417}.Release|Any CPU.ActiveCfg = Release|Any CPU
		{2BE0E5A9-5CE7-4C96-BCE9-2D809E124417}.Release|Any CPU.Build.0 = Release|Any CPU
		{2BE0E5A9-5CE7-4C96-BCE9-2D809E124417}.Release|x64.ActiveCfg = Release|Any CPU
		{2BE0E5A9-5CE7-4C96-BCE9-2D809E124417}.Release|x64.Build.0 = Release|Any CPU
		{2BE0E5A9-5CE7-4C96-BCE9-2D809E124417}.Release|x86.ActiveCfg = Release|Any CPU
		{2BE0E5A9-5CE7-4C96-BCE9-2D809E124417}.Release|x86.Build.0 = Release|Any CPU
		{C1BF1460-74FC-4056-93F8-985ADF6B5904}.Debug|Any CPU.ActiveCfg = Debug|Any CPU
		{C1BF1460-74FC-4056-93F8-985ADF6B5904}.Debug|Any CPU.Build.0 = Debug|Any CPU
		{C1BF1460-74FC-4056-93F8-985ADF6B5904}.Debug|x64.ActiveCfg = Debug|Any CPU
		{C1BF1460-74FC-4056-93F8-985ADF6B5904}.Debug|x64.Build.0 = Debug|Any CPU
		{C1BF1460-74FC-4056-93F8-985ADF6B5904}.Debug|x86.ActiveCfg = Debug|Any CPU
		{C1BF1460-74FC-4056-93F8-985ADF6B5904}.Debug|x86.Build.0 = Debug|Any CPU
		{C1BF1460-74FC-4056-93F8-985ADF6B5904}.Release|Any CPU.ActiveCfg = Release|Any CPU
		{C1BF1460-74FC-4056-93F8-985ADF6B5904}.Release|Any CPU.Build.0 = Release|Any CPU
		{C1BF1460-74FC-4056-93F8-985ADF6B5904}.Release|x64.ActiveCfg = Release|Any CPU
		{C1BF1460-74FC-4056-93F8-985ADF6B5904}.Release|x64.Build.0 = Release|Any CPU
		{C1BF1460-74FC-4056-93F8-985ADF6B5904}.Release|x86.ActiveCfg = Release|Any CPU
		{C1BF1460-74FC-4056-93F8-985ADF6B5904}.Release|x86.Build.0 = Release|Any CPU
		{C193C85B-350A-448F-BEB5-F13670CDD832}.Debug|Any CPU.ActiveCfg = Debug|Any CPU
		{C193C85B-350A-448F-BEB5-F13670CDD832}.Debug|Any CPU.Build.0 = Debug|Any CPU
		{C193C85B-350A-448F-BEB5-F13670CDD832}.Debug|x64.ActiveCfg = Debug|Any CPU
		{C193C85B-350A-448F-BEB5-F13670CDD832}.Debug|x64.Build.0 = Debug|Any CPU
		{C193C85B-350A-448F-BEB5-F13670CDD832}.Debug|x86.ActiveCfg = Debug|Any CPU
		{C193C85B-350A-448F-BEB5-F13670CDD832}.Debug|x86.Build.0 = Debug|Any CPU
		{C193C85B-350A-448F-BEB5-F13670CDD832}.Release|Any CPU.ActiveCfg = Release|Any CPU
		{C193C85B-350A-448F-BEB5-F13670CDD832}.Release|Any CPU.Build.0 = Release|Any CPU
		{C193C85B-350A-448F-BEB5-F13670CDD832}.Release|x64.ActiveCfg = Release|Any CPU
		{C193C85B-350A-448F-BEB5-F13670CDD832}.Release|x64.Build.0 = Release|Any CPU
		{C193C85B-350A-448F-BEB5-F13670CDD832}.Release|x86.ActiveCfg = Release|Any CPU
		{C193C85B-350A-448F-BEB5-F13670CDD832}.Release|x86.Build.0 = Release|Any CPU
		{1D7CA168-071B-4D49-95FB-7BE7F3FCF58C}.Debug|Any CPU.ActiveCfg = Debug|Any CPU
		{1D7CA168-071B-4D49-95FB-7BE7F3FCF58C}.Debug|Any CPU.Build.0 = Debug|Any CPU
		{1D7CA168-071B-4D49-95FB-7BE7F3FCF58C}.Debug|x64.ActiveCfg = Debug|Any CPU
		{1D7CA168-071B-4D49-95FB-7BE7F3FCF58C}.Debug|x64.Build.0 = Debug|Any CPU
		{1D7CA168-071B-4D49-95FB-7BE7F3FCF58C}.Debug|x86.ActiveCfg = Debug|Any CPU
		{1D7CA168-071B-4D49-95FB-7BE7F3FCF58C}.Debug|x86.Build.0 = Debug|Any CPU
		{1D7CA168-071B-4D49-95FB-7BE7F3FCF58C}.Release|Any CPU.ActiveCfg = Release|Any CPU
		{1D7CA168-071B-4D49-95FB-7BE7F3FCF58C}.Release|Any CPU.Build.0 = Release|Any CPU
		{1D7CA168-071B-4D49-95FB-7BE7F3FCF58C}.Release|x64.ActiveCfg = Release|Any CPU
		{1D7CA168-071B-4D49-95FB-7BE7F3FCF58C}.Release|x64.Build.0 = Release|Any CPU
		{1D7CA168-071B-4D49-95FB-7BE7F3FCF58C}.Release|x86.ActiveCfg = Release|Any CPU
		{1D7CA168-071B-4D49-95FB-7BE7F3FCF58C}.Release|x86.Build.0 = Release|Any CPU
		{69C6B105-66D1-485D-B329-9E58DA3A353B}.Debug|Any CPU.ActiveCfg = Debug|Any CPU
		{69C6B105-66D1-485D-B329-9E58DA3A353B}.Debug|Any CPU.Build.0 = Debug|Any CPU
		{69C6B105-66D1-485D-B329-9E58DA3A353B}.Debug|x64.ActiveCfg = Debug|Any CPU
		{69C6B105-66D1-485D-B329-9E58DA3A353B}.Debug|x64.Build.0 = Debug|Any CPU
		{69C6B105-66D1-485D-B329-9E58DA3A353B}.Debug|x86.ActiveCfg = Debug|Any CPU
		{69C6B105-66D1-485D-B329-9E58DA3A353B}.Debug|x86.Build.0 = Debug|Any CPU
		{69C6B105-66D1-485D-B329-9E58DA3A353B}.Release|Any CPU.ActiveCfg = Release|Any CPU
		{69C6B105-66D1-485D-B329-9E58DA3A353B}.Release|Any CPU.Build.0 = Release|Any CPU
		{69C6B105-66D1-485D-B329-9E58DA3A353B}.Release|x64.ActiveCfg = Release|Any CPU
		{69C6B105-66D1-485D-B329-9E58DA3A353B}.Release|x64.Build.0 = Release|Any CPU
		{69C6B105-66D1-485D-B329-9E58DA3A353B}.Release|x86.ActiveCfg = Release|Any CPU
		{69C6B105-66D1-485D-B329-9E58DA3A353B}.Release|x86.Build.0 = Release|Any CPU
		{084B5C43-D318-4372-9D50-CACFE5E9531D}.Debug|Any CPU.ActiveCfg = Debug|Any CPU
		{084B5C43-D318-4372-9D50-CACFE5E9531D}.Debug|Any CPU.Build.0 = Debug|Any CPU
		{084B5C43-D318-4372-9D50-CACFE5E9531D}.Debug|x64.ActiveCfg = Debug|Any CPU
		{084B5C43-D318-4372-9D50-CACFE5E9531D}.Debug|x64.Build.0 = Debug|Any CPU
		{084B5C43-D318-4372-9D50-CACFE5E9531D}.Debug|x86.ActiveCfg = Debug|Any CPU
		{084B5C43-D318-4372-9D50-CACFE5E9531D}.Debug|x86.Build.0 = Debug|Any CPU
		{084B5C43-D318-4372-9D50-CACFE5E9531D}.Release|Any CPU.ActiveCfg = Release|Any CPU
		{084B5C43-D318-4372-9D50-CACFE5E9531D}.Release|Any CPU.Build.0 = Release|Any CPU
		{084B5C43-D318-4372-9D50-CACFE5E9531D}.Release|x64.ActiveCfg = Release|Any CPU
		{084B5C43-D318-4372-9D50-CACFE5E9531D}.Release|x64.Build.0 = Release|Any CPU
		{084B5C43-D318-4372-9D50-CACFE5E9531D}.Release|x86.ActiveCfg = Release|Any CPU
		{084B5C43-D318-4372-9D50-CACFE5E9531D}.Release|x86.Build.0 = Release|Any CPU
		{69A0C527-A99C-4658-8219-90DF7C8C0C01}.Debug|Any CPU.ActiveCfg = Debug|Any CPU
		{69A0C527-A99C-4658-8219-90DF7C8C0C01}.Debug|Any CPU.Build.0 = Debug|Any CPU
		{69A0C527-A99C-4658-8219-90DF7C8C0C01}.Debug|x64.ActiveCfg = Debug|Any CPU
		{69A0C527-A99C-4658-8219-90DF7C8C0C01}.Debug|x64.Build.0 = Debug|Any CPU
		{69A0C527-A99C-4658-8219-90DF7C8C0C01}.Debug|x86.ActiveCfg = Debug|Any CPU
		{69A0C527-A99C-4658-8219-90DF7C8C0C01}.Debug|x86.Build.0 = Debug|Any CPU
		{69A0C527-A99C-4658-8219-90DF7C8C0C01}.Release|Any CPU.ActiveCfg = Release|Any CPU
		{69A0C527-A99C-4658-8219-90DF7C8C0C01}.Release|Any CPU.Build.0 = Release|Any CPU
		{69A0C527-A99C-4658-8219-90DF7C8C0C01}.Release|x64.ActiveCfg = Release|Any CPU
		{69A0C527-A99C-4658-8219-90DF7C8C0C01}.Release|x64.Build.0 = Release|Any CPU
		{69A0C527-A99C-4658-8219-90DF7C8C0C01}.Release|x86.ActiveCfg = Release|Any CPU
		{69A0C527-A99C-4658-8219-90DF7C8C0C01}.Release|x86.Build.0 = Release|Any CPU
		{B7564179-711A-446E-A4CE-9F3D5B79B5EC}.Debug|Any CPU.ActiveCfg = Debug|Any CPU
		{B7564179-711A-446E-A4CE-9F3D5B79B5EC}.Debug|Any CPU.Build.0 = Debug|Any CPU
		{B7564179-711A-446E-A4CE-9F3D5B79B5EC}.Debug|x64.ActiveCfg = Debug|Any CPU
		{B7564179-711A-446E-A4CE-9F3D5B79B5EC}.Debug|x64.Build.0 = Debug|Any CPU
		{B7564179-711A-446E-A4CE-9F3D5B79B5EC}.Debug|x86.ActiveCfg = Debug|Any CPU
		{B7564179-711A-446E-A4CE-9F3D5B79B5EC}.Debug|x86.Build.0 = Debug|Any CPU
		{B7564179-711A-446E-A4CE-9F3D5B79B5EC}.Release|Any CPU.ActiveCfg = Release|Any CPU
		{B7564179-711A-446E-A4CE-9F3D5B79B5EC}.Release|Any CPU.Build.0 = Release|Any CPU
		{B7564179-711A-446E-A4CE-9F3D5B79B5EC}.Release|x64.ActiveCfg = Release|Any CPU
		{B7564179-711A-446E-A4CE-9F3D5B79B5EC}.Release|x64.Build.0 = Release|Any CPU
		{B7564179-711A-446E-A4CE-9F3D5B79B5EC}.Release|x86.ActiveCfg = Release|Any CPU
		{B7564179-711A-446E-A4CE-9F3D5B79B5EC}.Release|x86.Build.0 = Release|Any CPU
		{80A938E8-8FE0-4A7E-86AB-A1098B90DAAA}.Debug|Any CPU.ActiveCfg = Debug|Any CPU
		{80A938E8-8FE0-4A7E-86AB-A1098B90DAAA}.Debug|Any CPU.Build.0 = Debug|Any CPU
		{80A938E8-8FE0-4A7E-86AB-A1098B90DAAA}.Debug|x64.ActiveCfg = Debug|Any CPU
		{80A938E8-8FE0-4A7E-86AB-A1098B90DAAA}.Debug|x64.Build.0 = Debug|Any CPU
		{80A938E8-8FE0-4A7E-86AB-A1098B90DAAA}.Debug|x86.ActiveCfg = Debug|Any CPU
		{80A938E8-8FE0-4A7E-86AB-A1098B90DAAA}.Debug|x86.Build.0 = Debug|Any CPU
		{80A938E8-8FE0-4A7E-86AB-A1098B90DAAA}.Release|Any CPU.ActiveCfg = Release|Any CPU
		{80A938E8-8FE0-4A7E-86AB-A1098B90DAAA}.Release|Any CPU.Build.0 = Release|Any CPU
		{80A938E8-8FE0-4A7E-86AB-A1098B90DAAA}.Release|x64.ActiveCfg = Release|Any CPU
		{80A938E8-8FE0-4A7E-86AB-A1098B90DAAA}.Release|x64.Build.0 = Release|Any CPU
		{80A938E8-8FE0-4A7E-86AB-A1098B90DAAA}.Release|x86.ActiveCfg = Release|Any CPU
		{80A938E8-8FE0-4A7E-86AB-A1098B90DAAA}.Release|x86.Build.0 = Release|Any CPU
		{53C780B7-ADCC-436A-B218-869B386FA2CA}.Debug|Any CPU.ActiveCfg = Debug|Any CPU
		{53C780B7-ADCC-436A-B218-869B386FA2CA}.Debug|Any CPU.Build.0 = Debug|Any CPU
		{53C780B7-ADCC-436A-B218-869B386FA2CA}.Debug|x64.ActiveCfg = Debug|Any CPU
		{53C780B7-ADCC-436A-B218-869B386FA2CA}.Debug|x64.Build.0 = Debug|Any CPU
		{53C780B7-ADCC-436A-B218-869B386FA2CA}.Debug|x86.ActiveCfg = Debug|Any CPU
		{53C780B7-ADCC-436A-B218-869B386FA2CA}.Debug|x86.Build.0 = Debug|Any CPU
		{53C780B7-ADCC-436A-B218-869B386FA2CA}.Release|Any CPU.ActiveCfg = Release|Any CPU
		{53C780B7-ADCC-436A-B218-869B386FA2CA}.Release|Any CPU.Build.0 = Release|Any CPU
		{53C780B7-ADCC-436A-B218-869B386FA2CA}.Release|x64.ActiveCfg = Release|Any CPU
		{53C780B7-ADCC-436A-B218-869B386FA2CA}.Release|x64.Build.0 = Release|Any CPU
		{53C780B7-ADCC-436A-B218-869B386FA2CA}.Release|x86.ActiveCfg = Release|Any CPU
		{53C780B7-ADCC-436A-B218-869B386FA2CA}.Release|x86.Build.0 = Release|Any CPU
		{DDA77A58-8D25-41FA-8127-062C77C25934}.Debug|Any CPU.ActiveCfg = Debug|Any CPU
		{DDA77A58-8D25-41FA-8127-062C77C25934}.Debug|Any CPU.Build.0 = Debug|Any CPU
		{DDA77A58-8D25-41FA-8127-062C77C25934}.Debug|x64.ActiveCfg = Debug|Any CPU
		{DDA77A58-8D25-41FA-8127-062C77C25934}.Debug|x64.Build.0 = Debug|Any CPU
		{DDA77A58-8D25-41FA-8127-062C77C25934}.Debug|x86.ActiveCfg = Debug|Any CPU
		{DDA77A58-8D25-41FA-8127-062C77C25934}.Debug|x86.Build.0 = Debug|Any CPU
		{DDA77A58-8D25-41FA-8127-062C77C25934}.Release|Any CPU.ActiveCfg = Release|Any CPU
		{DDA77A58-8D25-41FA-8127-062C77C25934}.Release|Any CPU.Build.0 = Release|Any CPU
		{DDA77A58-8D25-41FA-8127-062C77C25934}.Release|x64.ActiveCfg = Release|Any CPU
		{DDA77A58-8D25-41FA-8127-062C77C25934}.Release|x64.Build.0 = Release|Any CPU
		{DDA77A58-8D25-41FA-8127-062C77C25934}.Release|x86.ActiveCfg = Release|Any CPU
		{DDA77A58-8D25-41FA-8127-062C77C25934}.Release|x86.Build.0 = Release|Any CPU
		{7BBDD336-9281-46A7-B3A5-5756D0471518}.Debug|Any CPU.ActiveCfg = Debug|Any CPU
		{7BBDD336-9281-46A7-B3A5-5756D0471518}.Debug|Any CPU.Build.0 = Debug|Any CPU
		{7BBDD336-9281-46A7-B3A5-5756D0471518}.Debug|x64.ActiveCfg = Debug|Any CPU
		{7BBDD336-9281-46A7-B3A5-5756D0471518}.Debug|x64.Build.0 = Debug|Any CPU
		{7BBDD336-9281-46A7-B3A5-5756D0471518}.Debug|x86.ActiveCfg = Debug|Any CPU
		{7BBDD336-9281-46A7-B3A5-5756D0471518}.Debug|x86.Build.0 = Debug|Any CPU
		{7BBDD336-9281-46A7-B3A5-5756D0471518}.Release|Any CPU.ActiveCfg = Release|Any CPU
		{7BBDD336-9281-46A7-B3A5-5756D0471518}.Release|Any CPU.Build.0 = Release|Any CPU
		{7BBDD336-9281-46A7-B3A5-5756D0471518}.Release|x64.ActiveCfg = Release|Any CPU
		{7BBDD336-9281-46A7-B3A5-5756D0471518}.Release|x64.Build.0 = Release|Any CPU
		{7BBDD336-9281-46A7-B3A5-5756D0471518}.Release|x86.ActiveCfg = Release|Any CPU
		{7BBDD336-9281-46A7-B3A5-5756D0471518}.Release|x86.Build.0 = Release|Any CPU
	EndGlobalSection
	GlobalSection(SolutionProperties) = preSolution
		HideSolutionNode = FALSE
	EndGlobalSection
	GlobalSection(ExtensibilityGlobals) = postSolution
		SolutionGuid = {6E1BB75F-6500-40B6-93FA-12B3C7760E08}
	EndGlobalSection
EndGlobal
