
Microsoft Visual Studio Solution File, Format Version 12.00
# Visual Studio Version 18
VisualStudioVersion = 18.0.11201.2 d18.0
MinimumVisualStudioVersion = 17.8.0.0
Project("{9A19103F-16F7-4668-BE54-9A1E7A4F7556}") = "Aspire.Integrations.AppHost", "Aspire.Integrations.AppHost\Aspire.Integrations.AppHost.csproj", "{137C126C-44D0-4C98-B8AA-5A6934DB448C}"
EndProject
Project("{9A19103F-16F7-4668-BE54-9A1E7A4F7556}") = "Aspire.Integrations.ServiceDefaults", "Aspire.Integrations.ServiceDefaults\Aspire.Integrations.ServiceDefaults.csproj", "{C6082BB5-0642-4E33-A32B-3F23CC28D1B1}"
EndProject
Project("{9A19103F-16F7-4668-BE54-9A1E7A4F7556}") = "Aspire.Integrations.ApiService", "Aspire.Integrations.ApiService\Aspire.Integrations.ApiService.csproj", "{54050FCE-ADA0-4155-A756-C16C6CA3F927}"
EndProject
Project("{9A19103F-16F7-4668-BE54-9A1E7A4F7556}") = "Aspire.Integrations.Tests", "Aspire.Integrations.Tests\Aspire.Integrations.Tests.csproj", "{B9E6686D-D34C-425D-A101-6DADF34AB649}"
EndProject
Project("{9A19103F-16F7-4668-BE54-9A1E7A4F7556}") = "Aspire.Integrations.Web", "Aspire.Integrations.Web\Aspire.Integrations.Web.csproj", "{AE797949-B0D8-4094-82F4-070339CDEC1F}"
EndProject
Project("{FAE04EC0-301F-11D3-BF4B-00C04F79EFBC}") = "Aspire.MailDev.Hosting", "Aspire.MailDev.Hosting\Aspire.MailDev.Hosting.csproj", "{5CFF0955-3635-4CF1-B196-F7EA12DDF890}"
EndProject
Project("{2150E333-8FDC-42A3-9474-1A3956D46DE8}") = "Solution Items", "Solution Items", "{1BC8C94D-AFE8-4BEC-A16B-7D04382C6DF5}"
	ProjectSection(SolutionItems) = preProject
		.editorconfig = .editorconfig
	EndProjectSection
EndProject
Project("{FAE04EC0-301F-11D3-BF4B-00C04F79EFBC}") = "Aspire.MailKit.Client", "Aspire.MailKit.Client\Aspire.MailKit.Client.csproj", "{4E69C155-5455-45F9-9B30-459C1E93AC64}"
EndProject
Project("{FAE04EC0-301F-11D3-BF4B-00C04F79EFBC}") = "Aspire.Flowise.Hosting", "Aspire.Flowise.Hosting\Aspire.Flowise.Hosting.csproj", "{F6D0FB46-F000-45EB-8469-9EFC3CFD3F71}"
EndProject
Project("{FAE04EC0-301F-11D3-BF4B-00C04F79EFBC}") = "Flowise.Client", "Flowise.Client\Flowise.Client.csproj", "{4960AF88-9E95-4A55-A33A-F2DCAEC75FEA}"
EndProject
Project("{FAE04EC0-301F-11D3-BF4B-00C04F79EFBC}") = "Aspire.Flowise.Client", "Aspire.Flowise.Client\Aspire.Flowise.Client.csproj", "{318781CD-45E9-41ED-AD21-5EB992234AD6}"
EndProject
Project("{FAE04EC0-301F-11D3-BF4B-00C04F79EFBC}") = "Aspire.N8N.Hosting", "Aspire.N8N.Hosting\Aspire.N8N.Hosting.csproj", "{8D1857B5-B26A-43CC-AD40-16D236C6282E}"
EndProject
Project("{FAE04EC0-301F-11D3-BF4B-00C04F79EFBC}") = "N8N.Client", "N8N.Client\N8N.Client.csproj", "{B4965E41-329C-3D9E-21D0-5DADA1F6BFBD}"
EndProject
Project("{FAE04EC0-301F-11D3-BF4B-00C04F79EFBC}") = "Aspire.N8N.Client", "Aspire.N8N.Client\Aspire.N8N.Client.csproj", "{43192361-F195-8F8F-7158-D7C3D59CFC79}"
EndProject
Global
	GlobalSection(SolutionConfigurationPlatforms) = preSolution
		Debug|Any CPU = Debug|Any CPU
		Release|Any CPU = Release|Any CPU
	EndGlobalSection
	GlobalSection(ProjectConfigurationPlatforms) = postSolution
		{137C126C-44D0-4C98-B8AA-5A6934DB448C}.Debug|Any CPU.ActiveCfg = Debug|Any CPU
		{137C126C-44D0-4C98-B8AA-5A6934DB448C}.Debug|Any CPU.Build.0 = Debug|Any CPU
		{137C126C-44D0-4C98-B8AA-5A6934DB448C}.Release|Any CPU.ActiveCfg = Release|Any CPU
		{137C126C-44D0-4C98-B8AA-5A6934DB448C}.Release|Any CPU.Build.0 = Release|Any CPU
		{C6082BB5-0642-4E33-A32B-3F23CC28D1B1}.Debug|Any CPU.ActiveCfg = Debug|Any CPU
		{C6082BB5-0642-4E33-A32B-3F23CC28D1B1}.Debug|Any CPU.Build.0 = Debug|Any CPU
		{C6082BB5-0642-4E33-A32B-3F23CC28D1B1}.Release|Any CPU.ActiveCfg = Release|Any CPU
		{C6082BB5-0642-4E33-A32B-3F23CC28D1B1}.Release|Any CPU.Build.0 = Release|Any CPU
		{54050FCE-ADA0-4155-A756-C16C6CA3F927}.Debug|Any CPU.ActiveCfg = Debug|Any CPU
		{54050FCE-ADA0-4155-A756-C16C6CA3F927}.Debug|Any CPU.Build.0 = Debug|Any CPU
		{54050FCE-ADA0-4155-A756-C16C6CA3F927}.Release|Any CPU.ActiveCfg = Release|Any CPU
		{54050FCE-ADA0-4155-A756-C16C6CA3F927}.Release|Any CPU.Build.0 = Release|Any CPU
		{B9E6686D-D34C-425D-A101-6DADF34AB649}.Debug|Any CPU.ActiveCfg = Debug|Any CPU
		{B9E6686D-D34C-425D-A101-6DADF34AB649}.Debug|Any CPU.Build.0 = Debug|Any CPU
		{B9E6686D-D34C-425D-A101-6DADF34AB649}.Release|Any CPU.ActiveCfg = Release|Any CPU
		{B9E6686D-D34C-425D-A101-6DADF34AB649}.Release|Any CPU.Build.0 = Release|Any CPU
		{AE797949-B0D8-4094-82F4-070339CDEC1F}.Debug|Any CPU.ActiveCfg = Debug|Any CPU
		{AE797949-B0D8-4094-82F4-070339CDEC1F}.Debug|Any CPU.Build.0 = Debug|Any CPU
		{AE797949-B0D8-4094-82F4-070339CDEC1F}.Release|Any CPU.ActiveCfg = Release|Any CPU
		{AE797949-B0D8-4094-82F4-070339CDEC1F}.Release|Any CPU.Build.0 = Release|Any CPU
		{5CFF0955-3635-4CF1-B196-F7EA12DDF890}.Debug|Any CPU.ActiveCfg = Debug|Any CPU
		{5CFF0955-3635-4CF1-B196-F7EA12DDF890}.Debug|Any CPU.Build.0 = Debug|Any CPU
		{5CFF0955-3635-4CF1-B196-F7EA12DDF890}.Release|Any CPU.ActiveCfg = Release|Any CPU
		{5CFF0955-3635-4CF1-B196-F7EA12DDF890}.Release|Any CPU.Build.0 = Release|Any CPU
		{4E69C155-5455-45F9-9B30-459C1E93AC64}.Debug|Any CPU.ActiveCfg = Debug|Any CPU
		{4E69C155-5455-45F9-9B30-459C1E93AC64}.Debug|Any CPU.Build.0 = Debug|Any CPU
		{4E69C155-5455-45F9-9B30-459C1E93AC64}.Release|Any CPU.ActiveCfg = Release|Any CPU
		{4E69C155-5455-45F9-9B30-459C1E93AC64}.Release|Any CPU.Build.0 = Release|Any CPU
		{F6D0FB46-F000-45EB-8469-9EFC3CFD3F71}.Debug|Any CPU.ActiveCfg = Debug|Any CPU
		{F6D0FB46-F000-45EB-8469-9EFC3CFD3F71}.Debug|Any CPU.Build.0 = Debug|Any CPU
		{F6D0FB46-F000-45EB-8469-9EFC3CFD3F71}.Release|Any CPU.ActiveCfg = Release|Any CPU
		{F6D0FB46-F000-45EB-8469-9EFC3CFD3F71}.Release|Any CPU.Build.0 = Release|Any CPU
		{4960AF88-9E95-4A55-A33A-F2DCAEC75FEA}.Debug|Any CPU.ActiveCfg = Debug|Any CPU
		{4960AF88-9E95-4A55-A33A-F2DCAEC75FEA}.Debug|Any CPU.Build.0 = Debug|Any CPU
		{4960AF88-9E95-4A55-A33A-F2DCAEC75FEA}.Release|Any CPU.ActiveCfg = Release|Any CPU
		{4960AF88-9E95-4A55-A33A-F2DCAEC75FEA}.Release|Any CPU.Build.0 = Release|Any CPU
		{318781CD-45E9-41ED-AD21-5EB992234AD6}.Debug|Any CPU.ActiveCfg = Debug|Any CPU
		{318781CD-45E9-41ED-AD21-5EB992234AD6}.Debug|Any CPU.Build.0 = Debug|Any CPU
		{318781CD-45E9-41ED-AD21-5EB992234AD6}.Release|Any CPU.ActiveCfg = Release|Any CPU
		{318781CD-45E9-41ED-AD21-5EB992234AD6}.Release|Any CPU.Build.0 = Release|Any CPU
		{8D1857B5-B26A-43CC-AD40-16D236C6282E}.Debug|Any CPU.ActiveCfg = Debug|Any CPU
		{8D1857B5-B26A-43CC-AD40-16D236C6282E}.Debug|Any CPU.Build.0 = Debug|Any CPU
		{8D1857B5-B26A-43CC-AD40-16D236C6282E}.Release|Any CPU.ActiveCfg = Release|Any CPU
		{8D1857B5-B26A-43CC-AD40-16D236C6282E}.Release|Any CPU.Build.0 = Release|Any CPU
		{B4965E41-329C-3D9E-21D0-5DADA1F6BFBD}.Debug|Any CPU.ActiveCfg = Debug|Any CPU
		{B4965E41-329C-3D9E-21D0-5DADA1F6BFBD}.Debug|Any CPU.Build.0 = Debug|Any CPU
		{B4965E41-329C-3D9E-21D0-5DADA1F6BFBD}.Release|Any CPU.ActiveCfg = Release|Any CPU
		{B4965E41-329C-3D9E-21D0-5DADA1F6BFBD}.Release|Any CPU.Build.0 = Release|Any CPU
		{43192361-F195-8F8F-7158-D7C3D59CFC79}.Debug|Any CPU.ActiveCfg = Debug|Any CPU
		{43192361-F195-8F8F-7158-D7C3D59CFC79}.Debug|Any CPU.Build.0 = Debug|Any CPU
		{43192361-F195-8F8F-7158-D7C3D59CFC79}.Release|Any CPU.ActiveCfg = Release|Any CPU
		{43192361-F195-8F8F-7158-D7C3D59CFC79}.Release|Any CPU.Build.0 = Release|Any CPU
	EndGlobalSection
	GlobalSection(SolutionProperties) = preSolution
		HideSolutionNode = FALSE
	EndGlobalSection
	GlobalSection(ExtensibilityGlobals) = postSolution
		SolutionGuid = {6E1BB75F-6500-40B6-93FA-12B3C7760E08}
	EndGlobalSection
EndGlobal
